
Microsoft Visual Studio Solution File, Format Version 12.00
# Visual Studio 14
VisualStudioVersion = 14.0.25123.0
MinimumVisualStudioVersion = 10.0.40219.1
Project("{FAE04EC0-301F-11D3-BF4B-00C04F79EFBC}") = "NFLPicker", "NFLPicker\NFLPicker.csproj", "{4E46DA41-5828-4E01-B0B4-9EAB05B01348}"
EndProject
Project("{FAE04EC0-301F-11D3-BF4B-00C04F79EFBC}") = "DataAccess", "DataAccess\DataAccess.csproj", "{A7039458-C313-4582-B94D-D0005AB6D657}"
EndProject
Project("{FAE04EC0-301F-11D3-BF4B-00C04F79EFBC}") = "NFLPickerTester", "NFLPickerTester\NFLPickerTester.csproj", "{72732604-45BC-4ADB-BDFF-7AFD69CE209B}"
EndProject
Project("{FAE04EC0-301F-11D3-BF4B-00C04F79EFBC}") = "NFLPickerConsole", "NFLPickerConsole\NFLPickerConsole.csproj", "{249635F0-6CDD-4034-A10C-EE998EA01A4C}"
EndProject
Project("{2150E333-8FDC-42A3-9474-1A3956D46DE8}") = "PublishScripts", "PublishScripts", "{8D803E66-732B-42F5-BF4C-54135F72D0BC}"
EndProject
Project("{2150E333-8FDC-42A3-9474-1A3956D46DE8}") = "Scripts", "Scripts", "{4564E0A5-D250-4FFB-9CF6-A06B9E52EA98}"
	ProjectSection(SolutionItems) = preProject
		PublishScripts\Scripts\Deploy-AzureResourceGroup-2.ps1 = PublishScripts\Scripts\Deploy-AzureResourceGroup-2.ps1
		PublishScripts\Scripts\Deploy-AzureResourceGroup.ps1 = PublishScripts\Scripts\Deploy-AzureResourceGroup.ps1
	EndProjectSection
EndProject
Project("{2150E333-8FDC-42A3-9474-1A3956D46DE8}") = "Templates", "Templates", "{36F46EC0-A419-4B6F-ABBC-C2C3968E17DF}"
	ProjectSection(SolutionItems) = preProject
		PublishScripts\Templates\BSPN.json = PublishScripts\Templates\BSPN.json
		PublishScripts\Templates\BSPN.param.dev.json = PublishScripts\Templates\BSPN.param.dev.json
		PublishScripts\Templates\NFLPickerWeb.json = PublishScripts\Templates\NFLPickerWeb.json
		PublishScripts\Templates\NFLPickerWeb.param.dev.json = PublishScripts\Templates\NFLPickerWeb.param.dev.json
	EndProjectSection
EndProject
Project("{FAE04EC0-301F-11D3-BF4B-00C04F79EFBC}") = "BSPN", "BSPN\BSPN.csproj", "{37D49F3A-AFE8-4639-9BB0-CD6FC049CD69}"
EndProject
Global
	GlobalSection(SolutionConfigurationPlatforms) = preSolution
		Debug|Any CPU = Debug|Any CPU
		Release|Any CPU = Release|Any CPU
	EndGlobalSection
	GlobalSection(ProjectConfigurationPlatforms) = postSolution
		{4E46DA41-5828-4E01-B0B4-9EAB05B01348}.Debug|Any CPU.ActiveCfg = Debug|Any CPU
		{4E46DA41-5828-4E01-B0B4-9EAB05B01348}.Debug|Any CPU.Build.0 = Debug|Any CPU
		{4E46DA41-5828-4E01-B0B4-9EAB05B01348}.Release|Any CPU.ActiveCfg = Release|Any CPU
		{4E46DA41-5828-4E01-B0B4-9EAB05B01348}.Release|Any CPU.Build.0 = Release|Any CPU
		{A7039458-C313-4582-B94D-D0005AB6D657}.Debug|Any CPU.ActiveCfg = Debug|Any CPU
		{A7039458-C313-4582-B94D-D0005AB6D657}.Debug|Any CPU.Build.0 = Debug|Any CPU
		{A7039458-C313-4582-B94D-D0005AB6D657}.Release|Any CPU.ActiveCfg = Release|Any CPU
		{A7039458-C313-4582-B94D-D0005AB6D657}.Release|Any CPU.Build.0 = Release|Any CPU
		{72732604-45BC-4ADB-BDFF-7AFD69CE209B}.Debug|Any CPU.ActiveCfg = Debug|Any CPU
		{72732604-45BC-4ADB-BDFF-7AFD69CE209B}.Debug|Any CPU.Build.0 = Debug|Any CPU
		{72732604-45BC-4ADB-BDFF-7AFD69CE209B}.Release|Any CPU.ActiveCfg = Release|Any CPU
		{72732604-45BC-4ADB-BDFF-7AFD69CE209B}.Release|Any CPU.Build.0 = Release|Any CPU
		{249635F0-6CDD-4034-A10C-EE998EA01A4C}.Debug|Any CPU.ActiveCfg = Debug|Any CPU
		{249635F0-6CDD-4034-A10C-EE998EA01A4C}.Debug|Any CPU.Build.0 = Debug|Any CPU
		{249635F0-6CDD-4034-A10C-EE998EA01A4C}.Release|Any CPU.ActiveCfg = Release|Any CPU
		{249635F0-6CDD-4034-A10C-EE998EA01A4C}.Release|Any CPU.Build.0 = Release|Any CPU
		{37D49F3A-AFE8-4639-9BB0-CD6FC049CD69}.Debug|Any CPU.ActiveCfg = Debug|Any CPU
		{37D49F3A-AFE8-4639-9BB0-CD6FC049CD69}.Debug|Any CPU.Build.0 = Debug|Any CPU
		{37D49F3A-AFE8-4639-9BB0-CD6FC049CD69}.Release|Any CPU.ActiveCfg = Release|Any CPU
		{37D49F3A-AFE8-4639-9BB0-CD6FC049CD69}.Release|Any CPU.Build.0 = Release|Any CPU
	EndGlobalSection
	GlobalSection(SolutionProperties) = preSolution
		HideSolutionNode = FALSE
	EndGlobalSection
	GlobalSection(NestedProjects) = preSolution
		{4564E0A5-D250-4FFB-9CF6-A06B9E52EA98} = {8D803E66-732B-42F5-BF4C-54135F72D0BC}
		{36F46EC0-A419-4B6F-ABBC-C2C3968E17DF} = {8D803E66-732B-42F5-BF4C-54135F72D0BC}
	EndGlobalSection
EndGlobal
